
Microsoft Visual Studio Solution File, Format Version 12.00
# Visual Studio Version 17
VisualStudioVersion = 17.4.33110.190
MinimumVisualStudioVersion = 10.0.40219.1
Project("{FAE04EC0-301F-11D3-BF4B-00C04F79EFBC}") = "Employee", "Employee.csproj", "{B8B4AD70-E9F3-4727-A530-3AC03C335EFB}"
EndProject
Global
	GlobalSection(SolutionConfigurationPlatforms) = preSolution
		Debug|Any CPU = Debug|Any CPU
		Release|Any CPU = Release|Any CPU
	EndGlobalSection
	GlobalSection(ProjectConfigurationPlatforms) = postSolution
		{B8B4AD70-E9F3-4727-A530-3AC03C335EFB}.Debug|Any CPU.ActiveCfg = Debug|Any CPU
		{B8B4AD70-E9F3-4727-A530-3AC03C335EFB}.Debug|Any CPU.Build.0 = Debug|Any CPU
		{B8B4AD70-E9F3-4727-A530-3AC03C335EFB}.Release|Any CPU.ActiveCfg = Release|Any CPU
		{B8B4AD70-E9F3-4727-A530-3AC03C335EFB}.Release|Any CPU.Build.0 = Release|Any CPU
	EndGlobalSection
	GlobalSection(SolutionProperties) = preSolution
		HideSolutionNode = FALSE
	EndGlobalSection
	GlobalSection(ExtensibilityGlobals) = postSolution
		SolutionGuid = {6396AB50-388B-402C-9780-C4EBD21295F3}
	EndGlobalSection
EndGlobal
